{
  "originHash" : "ecaf16aa78ba8c989469bbec76b645c480e0c625b6de22222d910237810764cc",
  "pins" : [
    {
      "identity" : "swift-argument-parser",
      "kind" : "remoteSourceControl",
      "location" : "https://github.com/apple/swift-argument-parser",
      "state" : {
        "revision" : "6a52f3251125d74daf04fcbd5e6f08a75d074382",
        "version" : "1.8.2"
      }
    },
    {
      "identity" : "swiftterm",
      "kind" : "remoteSourceControl",
      "location" : "https://github.com/hogelog/SwiftTerm",
      "state" : {
        "branch" : "fix-skip-zero-width-cells",
        "revision" : "308a5068ba6c70780a9ba130d0385b19791ed01d"
      }
    }
  ],
  "version" : 3
}
